
Microsoft Visual Studio Solution File, Format Version 12.00
# Visual Studio Version 17
VisualStudioVersion = 17.5.33627.172
MinimumVisualStudioVersion = 10.0.40219.1
Project("{FAE04EC0-301F-11D3-BF4B-00C04F79EFBC}") = "PruebaUnitaria", "PruebaUnitaria.csproj", "{82B94AC7-8EE0-4611-AFB9-1C3E3AF395B1}"
EndProject
Global
	GlobalSection(SolutionConfigurationPlatforms) = preSolution
		Debug|Any CPU = Debug|Any CPU
		Release|Any CPU = Release|Any CPU
	EndGlobalSection
	GlobalSection(ProjectConfigurationPlatforms) = postSolution
		{82B94AC7-8EE0-4611-AFB9-1C3E3AF395B1}.Debug|Any CPU.ActiveCfg = Debug|Any CPU
		{82B94AC7-8EE0-4611-AFB9-1C3E3AF395B1}.Debug|Any CPU.Build.0 = Debug|Any CPU
		{82B94AC7-8EE0-4611-AFB9-1C3E3AF395B1}.Release|Any CPU.ActiveCfg = Release|Any CPU
		{82B94AC7-8EE0-4611-AFB9-1C3E3AF395B1}.Release|Any CPU.Build.0 = Release|Any CPU
	EndGlobalSection
	GlobalSection(SolutionProperties) = preSolution
		HideSolutionNode = FALSE
	EndGlobalSection
	GlobalSection(ExtensibilityGlobals) = postSolution
		SolutionGuid = {DC9B15F4-5919-4646-A582-A41DC644827F}
	EndGlobalSection
EndGlobal
